
Microsoft Visual Studio Solution File, Format Version 12.00
# Visual Studio Version 17
VisualStudioVersion = 17.5.002.0
MinimumVisualStudioVersion = 10.0.40219.1
Project("{9A19103F-16F7-4668-BE54-9A1E7A4F7556}") = "myDotNetMVCApp", "myDotNetMVCApp.csproj", "{747EBB23-EE7E-4E83-828A-16D6053D2D6F}"
EndProject
Global
	GlobalSection(SolutionConfigurationPlatforms) = preSolution
		Debug|Any CPU = Debug|Any CPU
		Release|Any CPU = Release|Any CPU
	EndGlobalSection
	GlobalSection(ProjectConfigurationPlatforms) = postSolution
		{747EBB23-EE7E-4E83-828A-16D6053D2D6F}.Debug|Any CPU.ActiveCfg = Debug|Any CPU
		{747EBB23-EE7E-4E83-828A-16D6053D2D6F}.Debug|Any CPU.Build.0 = Debug|Any CPU
		{747EBB23-EE7E-4E83-828A-16D6053D2D6F}.Release|Any CPU.ActiveCfg = Release|Any CPU
		{747EBB23-EE7E-4E83-828A-16D6053D2D6F}.Release|Any CPU.Build.0 = Release|Any CPU
	EndGlobalSection
	GlobalSection(SolutionProperties) = preSolution
		HideSolutionNode = FALSE
	EndGlobalSection
	GlobalSection(ExtensibilityGlobals) = postSolution
		SolutionGuid = {B3B90940-D7C7-46F4-A1D3-B5ADACF3DD8A}
	EndGlobalSection
EndGlobal
